
Microsoft Visual Studio Solution File, Format Version 12.00
# Visual Studio Version 16
VisualStudioVersion = 16.0.30611.23
MinimumVisualStudioVersion = 10.0.40219.1
Project("{FAE04EC0-301F-11D3-BF4B-00C04F79EFBC}") = "ConsoleApp1", "ConsoleApp1.csproj", "{0E885B71-2A0A-4D80-84C9-43FD4059D908}"
EndProject
Global
	GlobalSection(SolutionConfigurationPlatforms) = preSolution
		Debug|Any CPU = Debug|Any CPU
		Release|Any CPU = Release|Any CPU
	EndGlobalSection
	GlobalSection(ProjectConfigurationPlatforms) = postSolution
		{0E885B71-2A0A-4D80-84C9-43FD4059D908}.Debug|Any CPU.ActiveCfg = Debug|Any CPU
		{0E885B71-2A0A-4D80-84C9-43FD4059D908}.Debug|Any CPU.Build.0 = Debug|Any CPU
		{0E885B71-2A0A-4D80-84C9-43FD4059D908}.Release|Any CPU.ActiveCfg = Release|Any CPU
		{0E885B71-2A0A-4D80-84C9-43FD4059D908}.Release|Any CPU.Build.0 = Release|Any CPU
	EndGlobalSection
	GlobalSection(SolutionProperties) = preSolution
		HideSolutionNode = FALSE
	EndGlobalSection
	GlobalSection(ExtensibilityGlobals) = postSolution
		SolutionGuid = {0C17A281-4D83-48D7-9651-5231541461E2}
	EndGlobalSection
EndGlobal
